
Microsoft Visual Studio Solution File, Format Version 10.00
# Visual Studio 2008
Project("{FAE04EC0-301F-11D3-BF4B-00C04F79EFBC}") = "ExampleOfRealUnits", "ExampleOfRealUnits\ExampleOfRealUnits.csproj", "{2F9C59DA-329D-4A76-B7FA-B9E6960C99A1}"
EndProject
Project("{FAE04EC0-301F-11D3-BF4B-00C04F79EFBC}") = "RealUnits", "RealUnits\RealUnits.csproj", "{FB30106D-788B-4DE0-9C28-837847DB570E}"
EndProject
Global
	GlobalSection(SolutionConfigurationPlatforms) = preSolution
		Debug|Any CPU = Debug|Any CPU
		Release|Any CPU = Release|Any CPU
	EndGlobalSection
	GlobalSection(ProjectConfigurationPlatforms) = postSolution
		{2F9C59DA-329D-4A76-B7FA-B9E6960C99A1}.Debug|Any CPU.ActiveCfg = Debug|Any CPU
		{2F9C59DA-329D-4A76-B7FA-B9E6960C99A1}.Debug|Any CPU.Build.0 = Debug|Any CPU
		{2F9C59DA-329D-4A76-B7FA-B9E6960C99A1}.Release|Any CPU.ActiveCfg = Release|Any CPU
		{2F9C59DA-329D-4A76-B7FA-B9E6960C99A1}.Release|Any CPU.Build.0 = Release|Any CPU
		{FB30106D-788B-4DE0-9C28-837847DB570E}.Debug|Any CPU.ActiveCfg = Debug|Any CPU
		{FB30106D-788B-4DE0-9C28-837847DB570E}.Debug|Any CPU.Build.0 = Debug|Any CPU
		{FB30106D-788B-4DE0-9C28-837847DB570E}.Release|Any CPU.ActiveCfg = Release|Any CPU
		{FB30106D-788B-4DE0-9C28-837847DB570E}.Release|Any CPU.Build.0 = Release|Any CPU
	EndGlobalSection
	GlobalSection(SolutionProperties) = preSolution
		HideSolutionNode = FALSE
	EndGlobalSection
EndGlobal
